<?xml version="1.0" encoding="UTF-8"?>
<Project xmlns="http://schemas.microsoft.com/developer/msbuild/2003" ToolsVersion="4.0"><ItemGroup><Filter Include="TwinCAT"><UniqueIdentifier>{77576614-174b-4a7b-84e9-4102d60b2f1a}</UniqueIdentifier></Filter><Filter Include="TwinCAT\ClassFactory"><UniqueIdentifier>{1481aa7a-f280-4b73-8884-46fb694f9d40}</UniqueIdentifier></Filter><Filter Include="TwinCAT\RT Files"><UniqueIdentifier>{d56e7059-30c2-4984-a411-40eaab3af3ab}</UniqueIdentifier></Filter><Filter Include="TwinCAT\UM Files"><UniqueIdentifier>{732bc062-e336-4922-b566-3be5592b57b1}</UniqueIdentifier></Filter><Filter Include="TwinCAT\Header Files"><UniqueIdentifier>{9fdfabe5-4dc0-40db-9a93-d803f5384c0e}</UniqueIdentifier></Filter><Filter Include="XML Files"><UniqueIdentifier>{dc4f9f1f-1ee7-431c-a4c8-58790fb39795}</UniqueIdentifier></Filter><Filter Include="Simulink Model"><UniqueIdentifier>{8e8ce689-3449-4228-8b16-5530905c3447}</UniqueIdentifier></Filter><Filter Include="Simulink Model\Header Files"><UniqueIdentifier>{1428ddc3-5c27-4429-892e-a36ac5cf9e28}</UniqueIdentifier></Filter><Filter Include="Resource Files"><UniqueIdentifier>{92fca81c-385d-4187-b5a2-edaeb4b374c2}</UniqueIdentifier></Filter></ItemGroup><ItemGroup><ClInclude Include="CToolPlaneDistanceClassFactory.h"><Filter>TwinCAT\ClassFactory</Filter></ClInclude><ClInclude Include="CToolPlaneDistance.h"><Filter>TwinCAT</Filter></ClInclude><ClInclude Include="C:\MATLAB\R2017b\simulink\include\sf_runtime\slTestTypes.h"><Filter>Simulink Model\Header Files</Filter></ClInclude><ClInclude Include="C:\MATLAB\R2017b\simulink\include\sf_runtime\slTestResult.h"><Filter>Simulink Model\Header Files</Filter></ClInclude><ClInclude Include="rtGetInf.h"><Filter>Simulink Model\Header Files</Filter></ClInclude><ClInclude Include="rtGetNaN.h"><Filter>Simulink Model\Header Files</Filter></ClInclude><ClInclude Include="rt_defines.h"><Filter>Simulink Model\Header Files</Filter></ClInclude><ClInclude Include="rt_nonfinite.h"><Filter>Simulink Model\Header Files</Filter></ClInclude><ClInclude Include="ToolPlaneDistance.h"><Filter>Simulink Model\Header Files</Filter></ClInclude><ClInclude Include="ToolPlaneDistance_private.h"><Filter>Simulink Model\Header Files</Filter></ClInclude><ClInclude Include="ToolPlaneDistance_types.h"><Filter>Simulink Model\Header Files</Filter></ClInclude><ClInclude Include="multiword_types.h"><Filter>Simulink Model\Header Files</Filter></ClInclude><ClInclude Include="rtmodel.h"><Filter>Simulink Model\Header Files</Filter></ClInclude><ClInclude Include="rtwtypes.h"><Filter>Simulink Model\Header Files</Filter></ClInclude><ClInclude Include="zero_crossing_types.h"><Filter>Simulink Model\Header Files</Filter></ClInclude><ClInclude Include="CToolPlaneDistanceDrv.h"><Filter>TwinCAT\RT Files</Filter></ClInclude><ClInclude Include="ToolPlaneDistanceCtrl.h"><Filter>TwinCAT\UM Files</Filter></ClInclude><ClInclude Include="ToolPlaneDistanceW32.h"><Filter>TwinCAT\UM Files</Filter></ClInclude><ClInclude Include="TcPch.h"><Filter>TwinCAT\Header Files</Filter></ClInclude><ClInclude Include="StdAfx.h"><Filter>TwinCAT\Header Files</Filter></ClInclude><ClInclude Include="ToolPlaneDistanceVersion.h"><Filter>TwinCAT\Header Files</Filter></ClInclude><ClInclude Include="ToolPlaneDistanceServices.h"><Filter>TwinCAT\Header Files</Filter></ClInclude><ClInclude Include="ToolPlaneDistanceResource.h"><Filter>TwinCAT\Header Files</Filter></ClInclude><ClInclude Include="ToolPlaneDistanceInterfaces.h"><Filter>TwinCAT\Header Files</Filter></ClInclude><ClInclude Include="TwinCAT RT\math.h"><Filter>TwinCAT\Header Files</Filter></ClInclude><ClInclude Include="TwinCAT RT\stdlib.h"><Filter>TwinCAT\Header Files</Filter></ClInclude></ItemGroup><ItemGroup><ClCompile Include="CToolPlaneDistanceClassFactory.cpp"><Filter>TwinCAT\ClassFactory</Filter></ClCompile><ClCompile Include="CToolPlaneDistance.cpp"><Filter>TwinCAT</Filter></ClCompile><ClCompile Include="ToolPlaneDistance.cpp"><Filter>Simulink Model</Filter></ClCompile><ClCompile Include="ToolPlaneDistance_data.cpp"><Filter>Simulink Model</Filter></ClCompile><ClCompile Include="rtGetInf.cpp"><Filter>Simulink Model</Filter></ClCompile><ClCompile Include="rtGetNaN.cpp"><Filter>Simulink Model</Filter></ClCompile><ClCompile Include="rt_nonfinite.cpp"><Filter>Simulink Model</Filter></ClCompile><ClCompile Include="CToolPlaneDistanceDrv.cpp"><Filter>TwinCAT\RT Files</Filter></ClCompile><ClCompile Include="ToolPlaneDistanceCtrl.cpp"><Filter>TwinCAT\UM Files</Filter></ClCompile><ClCompile Include="ToolPlaneDistanceW32.cpp"><Filter>TwinCAT\UM Files</Filter></ClCompile><ClCompile Include="TcPch.cpp"><Filter>TwinCAT</Filter></ClCompile></ItemGroup><ItemGroup><ResourceCompile Include="ToolPlaneDistance.rc"><Filter>Resource Files</Filter></ResourceCompile></ItemGroup><ItemGroup><None Include="ToolPlaneDistance_PlcOpenPOUs.xml"><Filter>XML Files</Filter></None><None Include="ToolPlaneDistanceW32.def"><Filter>TwinCAT\UM Files</Filter></None><None Include="ToolPlaneDistance_ModuleInfo.xml"><Filter>XML Files</Filter></None><None Include="ToolPlaneDistance.tmc"><Filter>XML Files</Filter></None></ItemGroup></Project>
