<?xml version="1.0" encoding="UTF-8"?>
<Project xmlns="http://schemas.microsoft.com/developer/msbuild/2003" ToolsVersion="4.0"><ItemGroup><Filter Include="TwinCAT"><UniqueIdentifier>{d3f811e9-7f9f-4fcc-97e4-ef0c6565d8fe}</UniqueIdentifier></Filter><Filter Include="TwinCAT\ClassFactory"><UniqueIdentifier>{499d4d1e-6205-43f7-adb0-6a195333ccde}</UniqueIdentifier></Filter><Filter Include="TwinCAT\RT Files"><UniqueIdentifier>{aa2709f3-f860-4d7e-b2a3-038cf0e5d7e6}</UniqueIdentifier></Filter><Filter Include="TwinCAT\UM Files"><UniqueIdentifier>{f1fc1cc8-2306-4d3e-a5d5-4251068e43b9}</UniqueIdentifier></Filter><Filter Include="TwinCAT\Header Files"><UniqueIdentifier>{5a4d19f7-079b-469c-ad66-69ae223a1c19}</UniqueIdentifier></Filter><Filter Include="TwinCAT\Header Files\RT Files"><UniqueIdentifier>{2a485a92-2ef9-408b-9a13-339502983fce}</UniqueIdentifier></Filter><Filter Include="XML Files"><UniqueIdentifier>{29fc4872-ac72-4cad-9bc4-5886b64d91c6}</UniqueIdentifier></Filter><Filter Include="Simulink Model"><UniqueIdentifier>{059ce560-c59c-4767-bd4a-002fc5af1a45}</UniqueIdentifier></Filter><Filter Include="Simulink Model\Header Files"><UniqueIdentifier>{7debe022-3843-4b84-a3d8-97f20be05a2c}</UniqueIdentifier></Filter><Filter Include="Resource Files"><UniqueIdentifier>{f02654f7-2638-448b-99fb-27d92ac7ab56}</UniqueIdentifier></Filter></ItemGroup><ItemGroup><ClInclude Include="CWaveSimulatorNewClassFactory.h"><Filter>TwinCAT\ClassFactory</Filter></ClInclude><ClInclude Include="CWaveSimulatorNew.h"><Filter>TwinCAT</Filter></ClInclude><ClInclude Include="rtGetInf.h"><Filter>Simulink Model\Header Files</Filter></ClInclude><ClInclude Include="rtGetNaN.h"><Filter>Simulink Model\Header Files</Filter></ClInclude><ClInclude Include="rt_defines.h"><Filter>Simulink Model\Header Files</Filter></ClInclude><ClInclude Include="rt_nonfinite.h"><Filter>Simulink Model\Header Files</Filter></ClInclude><ClInclude Include="WaveSimulatorNew.h"><Filter>Simulink Model\Header Files</Filter></ClInclude><ClInclude Include="WaveSimulatorNew_private.h"><Filter>Simulink Model\Header Files</Filter></ClInclude><ClInclude Include="WaveSimulatorNew_types.h"><Filter>Simulink Model\Header Files</Filter></ClInclude><ClInclude Include="multiword_types.h"><Filter>Simulink Model\Header Files</Filter></ClInclude><ClInclude Include="rtmodel.h"><Filter>Simulink Model\Header Files</Filter></ClInclude><ClInclude Include="rtwtypes.h"><Filter>Simulink Model\Header Files</Filter></ClInclude><ClInclude Include="zero_crossing_types.h"><Filter>Simulink Model\Header Files</Filter></ClInclude><ClInclude Include="CWaveSimulatorNewDrv.h"><Filter>TwinCAT\RT Files</Filter></ClInclude><ClInclude Include="WaveSimulatorNewCtrl.h"><Filter>TwinCAT\UM Files</Filter></ClInclude><ClInclude Include="WaveSimulatorNewW32.h"><Filter>TwinCAT\UM Files</Filter></ClInclude><ClInclude Include="TcPch.h"><Filter>TwinCAT\Header Files</Filter></ClInclude><ClInclude Include="StdAfx.h"><Filter>TwinCAT\Header Files</Filter></ClInclude><ClInclude Include="WaveSimulatorNewVersion.h"><Filter>TwinCAT\Header Files</Filter></ClInclude><ClInclude Include="WaveSimulatorNewServices.h"><Filter>TwinCAT\Header Files</Filter></ClInclude><ClInclude Include="WaveSimulatorNewResource.h"><Filter>TwinCAT\Header Files</Filter></ClInclude><ClInclude Include="WaveSimulatorNewInterfaces.h"><Filter>TwinCAT\Header Files</Filter></ClInclude><ClInclude Include="TwinCAT RT\math.h"><Filter>TwinCAT\Header Files\RT Files</Filter></ClInclude><ClInclude Include="TwinCAT RT\stdio.h"><Filter>TwinCAT\Header Files\RT Files</Filter></ClInclude><ClInclude Include="TwinCAT RT\stdlib.h"><Filter>TwinCAT\Header Files\RT Files</Filter></ClInclude></ItemGroup><ItemGroup><ClCompile Include="CWaveSimulatorNewClassFactory.cpp"><Filter>TwinCAT\ClassFactory</Filter></ClCompile><ClCompile Include="CWaveSimulatorNew.cpp"><Filter>TwinCAT</Filter></ClCompile><ClCompile Include="WaveSimulatorNew.cpp"><Filter>Simulink Model</Filter></ClCompile><ClCompile Include="WaveSimulatorNew_data.cpp"><Filter>Simulink Model</Filter></ClCompile><ClCompile Include="rtGetInf.cpp"><Filter>Simulink Model</Filter></ClCompile><ClCompile Include="rtGetNaN.cpp"><Filter>Simulink Model</Filter></ClCompile><ClCompile Include="rt_nonfinite.cpp"><Filter>Simulink Model</Filter></ClCompile><ClCompile Include="CWaveSimulatorNewDrv.cpp"><Filter>TwinCAT\RT Files</Filter></ClCompile><ClCompile Include="WaveSimulatorNewCtrl.cpp"><Filter>TwinCAT\UM Files</Filter></ClCompile><ClCompile Include="WaveSimulatorNewW32.cpp"><Filter>TwinCAT\UM Files</Filter></ClCompile><ClCompile Include="TcPch.cpp"><Filter>TwinCAT</Filter></ClCompile></ItemGroup><ItemGroup><ResourceCompile Include="WaveSimulatorNew.rc"><Filter>Resource Files</Filter></ResourceCompile></ItemGroup><ItemGroup><None Include="WaveSimulatorNew_PlcOpenPOUs.xml"><Filter>XML Files</Filter></None><None Include="WaveSimulatorNewW32.def"><Filter>TwinCAT\UM Files</Filter></None><None Include="TwinCAT RT\cstdio."><Filter>TwinCAT\Header Files\RT Files</Filter></None><None Include="WaveSimulatorNew_ModuleInfo.xml"><Filter>XML Files</Filter></None><None Include="WaveSimulatorNew.tmc"><Filter>XML Files</Filter></None></ItemGroup></Project>
