<?xml version="1.0" encoding="UTF-8"?>
<Project xmlns="http://schemas.microsoft.com/developer/msbuild/2003" ToolsVersion="4.0"><ItemGroup><Filter Include="TwinCAT"><UniqueIdentifier>{067c86fe-ba71-4878-9f55-a5a5a91a8582}</UniqueIdentifier></Filter><Filter Include="TwinCAT\ClassFactory"><UniqueIdentifier>{eeb1eea7-96e8-4281-ac12-2d7e15551936}</UniqueIdentifier></Filter><Filter Include="TwinCAT\RT Files"><UniqueIdentifier>{976c53be-dc61-4c25-b491-f48c6707140d}</UniqueIdentifier></Filter><Filter Include="TwinCAT\UM Files"><UniqueIdentifier>{db93ded3-82b9-471e-bb81-0ee2be209525}</UniqueIdentifier></Filter><Filter Include="TwinCAT\Header Files"><UniqueIdentifier>{e0f19cc7-8e64-4056-9aa5-b100c61bd2ab}</UniqueIdentifier></Filter><Filter Include="TwinCAT\Header Files\RT Files"><UniqueIdentifier>{aa611022-f61f-48f0-850a-d7319d4540c1}</UniqueIdentifier></Filter><Filter Include="XML Files"><UniqueIdentifier>{073215d2-6638-432a-93a6-3909f393fd86}</UniqueIdentifier></Filter><Filter Include="Simulink Model"><UniqueIdentifier>{b81223c0-3077-4a31-99cc-f4226e08f579}</UniqueIdentifier></Filter><Filter Include="Simulink Model\Header Files"><UniqueIdentifier>{b2887068-a9be-4136-831a-8680af4d41ed}</UniqueIdentifier></Filter><Filter Include="Resource Files"><UniqueIdentifier>{ff366e03-8a6c-4d29-ab86-50a82ffdec24}</UniqueIdentifier></Filter></ItemGroup><ItemGroup><ClInclude Include="CWaveSimulator0ClassFactory.h"><Filter>TwinCAT\ClassFactory</Filter></ClInclude><ClInclude Include="CWaveSimulator0.h"><Filter>TwinCAT</Filter></ClInclude><ClInclude Include="rtGetInf.h"><Filter>Simulink Model\Header Files</Filter></ClInclude><ClInclude Include="rtGetNaN.h"><Filter>Simulink Model\Header Files</Filter></ClInclude><ClInclude Include="rt_defines.h"><Filter>Simulink Model\Header Files</Filter></ClInclude><ClInclude Include="rt_nonfinite.h"><Filter>Simulink Model\Header Files</Filter></ClInclude><ClInclude Include="WaveSimulator0.h"><Filter>Simulink Model\Header Files</Filter></ClInclude><ClInclude Include="WaveSimulator0_private.h"><Filter>Simulink Model\Header Files</Filter></ClInclude><ClInclude Include="WaveSimulator0_types.h"><Filter>Simulink Model\Header Files</Filter></ClInclude><ClInclude Include="multiword_types.h"><Filter>Simulink Model\Header Files</Filter></ClInclude><ClInclude Include="rtmodel.h"><Filter>Simulink Model\Header Files</Filter></ClInclude><ClInclude Include="rtwtypes.h"><Filter>Simulink Model\Header Files</Filter></ClInclude><ClInclude Include="zero_crossing_types.h"><Filter>Simulink Model\Header Files</Filter></ClInclude><ClInclude Include="CWaveSimulator0Drv.h"><Filter>TwinCAT\RT Files</Filter></ClInclude><ClInclude Include="WaveSimulator0Ctrl.h"><Filter>TwinCAT\UM Files</Filter></ClInclude><ClInclude Include="WaveSimulator0W32.h"><Filter>TwinCAT\UM Files</Filter></ClInclude><ClInclude Include="TcPch.h"><Filter>TwinCAT\Header Files</Filter></ClInclude><ClInclude Include="StdAfx.h"><Filter>TwinCAT\Header Files</Filter></ClInclude><ClInclude Include="WaveSimulator0Version.h"><Filter>TwinCAT\Header Files</Filter></ClInclude><ClInclude Include="WaveSimulator0Services.h"><Filter>TwinCAT\Header Files</Filter></ClInclude><ClInclude Include="WaveSimulator0Resource.h"><Filter>TwinCAT\Header Files</Filter></ClInclude><ClInclude Include="WaveSimulator0Interfaces.h"><Filter>TwinCAT\Header Files</Filter></ClInclude><ClInclude Include="TwinCAT RT\math.h"><Filter>TwinCAT\Header Files\RT Files</Filter></ClInclude><ClInclude Include="TwinCAT RT\stdio.h"><Filter>TwinCAT\Header Files\RT Files</Filter></ClInclude><ClInclude Include="TwinCAT RT\stdlib.h"><Filter>TwinCAT\Header Files\RT Files</Filter></ClInclude></ItemGroup><ItemGroup><ClCompile Include="CWaveSimulator0ClassFactory.cpp"><Filter>TwinCAT\ClassFactory</Filter></ClCompile><ClCompile Include="CWaveSimulator0.cpp"><Filter>TwinCAT</Filter></ClCompile><ClCompile Include="WaveSimulator0.cpp"><Filter>Simulink Model</Filter></ClCompile><ClCompile Include="WaveSimulator0_data.cpp"><Filter>Simulink Model</Filter></ClCompile><ClCompile Include="rtGetInf.cpp"><Filter>Simulink Model</Filter></ClCompile><ClCompile Include="rtGetNaN.cpp"><Filter>Simulink Model</Filter></ClCompile><ClCompile Include="rt_nonfinite.cpp"><Filter>Simulink Model</Filter></ClCompile><ClCompile Include="CWaveSimulator0Drv.cpp"><Filter>TwinCAT\RT Files</Filter></ClCompile><ClCompile Include="WaveSimulator0Ctrl.cpp"><Filter>TwinCAT\UM Files</Filter></ClCompile><ClCompile Include="WaveSimulator0W32.cpp"><Filter>TwinCAT\UM Files</Filter></ClCompile><ClCompile Include="TcPch.cpp"><Filter>TwinCAT</Filter></ClCompile></ItemGroup><ItemGroup><ResourceCompile Include="WaveSimulator0.rc"><Filter>Resource Files</Filter></ResourceCompile></ItemGroup><ItemGroup><None Include="WaveSimulator0_PlcOpenPOUs.xml"><Filter>XML Files</Filter></None><None Include="WaveSimulator0W32.def"><Filter>TwinCAT\UM Files</Filter></None><None Include="TwinCAT RT\cstdio."><Filter>TwinCAT\Header Files\RT Files</Filter></None><None Include="WaveSimulator0_ModuleInfo.xml"><Filter>XML Files</Filter></None><None Include="WaveSimulator0.tmc"><Filter>XML Files</Filter></None></ItemGroup></Project>
