<?xml version="1.0" encoding="UTF-8"?>
<Project xmlns="http://schemas.microsoft.com/developer/msbuild/2003" ToolsVersion="4.0"><ItemGroup><Filter Include="TwinCAT"><UniqueIdentifier>{5874c4cd-9599-44a7-869d-b8e36001c310}</UniqueIdentifier></Filter><Filter Include="TwinCAT\ClassFactory"><UniqueIdentifier>{63b52ae3-ea82-4a72-8a2e-6a5afa10b686}</UniqueIdentifier></Filter><Filter Include="TwinCAT\RT Files"><UniqueIdentifier>{2b193e92-cdee-4c9e-a1c9-77a44d666694}</UniqueIdentifier></Filter><Filter Include="TwinCAT\UM Files"><UniqueIdentifier>{239d8182-e663-4108-8102-efd2b8f15142}</UniqueIdentifier></Filter><Filter Include="TwinCAT\Header Files"><UniqueIdentifier>{9c17fe3f-89f7-4645-b1e9-076ea3ca98ac}</UniqueIdentifier></Filter><Filter Include="TwinCAT\Header Files\RT Files"><UniqueIdentifier>{9898109a-084f-4af7-81d4-acebcbaf990b}</UniqueIdentifier></Filter><Filter Include="XML Files"><UniqueIdentifier>{1e836f4a-da0e-457c-b3c2-6313db36b416}</UniqueIdentifier></Filter><Filter Include="Simulink Model"><UniqueIdentifier>{511017b0-d9f6-4c25-a4f2-a7fcce8cc92a}</UniqueIdentifier></Filter><Filter Include="Simulink Model\Header Files"><UniqueIdentifier>{25479936-8bf2-4612-9aad-ab9ee799a0fd}</UniqueIdentifier></Filter><Filter Include="Resource Files"><UniqueIdentifier>{5081037d-beb4-495f-b958-71c46bf1ce30}</UniqueIdentifier></Filter></ItemGroup><ItemGroup><ClInclude Include="CHydroSimulatorClassFactory.h"><Filter>TwinCAT\ClassFactory</Filter></ClInclude><ClInclude Include="CHydroSimulator.h"><Filter>TwinCAT</Filter></ClInclude><ClInclude Include="rtGetInf.h"><Filter>Simulink Model\Header Files</Filter></ClInclude><ClInclude Include="rtGetNaN.h"><Filter>Simulink Model\Header Files</Filter></ClInclude><ClInclude Include="rt_defines.h"><Filter>Simulink Model\Header Files</Filter></ClInclude><ClInclude Include="rt_nonfinite.h"><Filter>Simulink Model\Header Files</Filter></ClInclude><ClInclude Include="HydroSimulator.h"><Filter>Simulink Model\Header Files</Filter></ClInclude><ClInclude Include="HydroSimulator_private.h"><Filter>Simulink Model\Header Files</Filter></ClInclude><ClInclude Include="HydroSimulator_types.h"><Filter>Simulink Model\Header Files</Filter></ClInclude><ClInclude Include="multiword_types.h"><Filter>Simulink Model\Header Files</Filter></ClInclude><ClInclude Include="rtmodel.h"><Filter>Simulink Model\Header Files</Filter></ClInclude><ClInclude Include="rtwtypes.h"><Filter>Simulink Model\Header Files</Filter></ClInclude><ClInclude Include="zero_crossing_types.h"><Filter>Simulink Model\Header Files</Filter></ClInclude><ClInclude Include="CHydroSimulatorDrv.h"><Filter>TwinCAT\RT Files</Filter></ClInclude><ClInclude Include="HydroSimulatorCtrl.h"><Filter>TwinCAT\UM Files</Filter></ClInclude><ClInclude Include="HydroSimulatorW32.h"><Filter>TwinCAT\UM Files</Filter></ClInclude><ClInclude Include="TcPch.h"><Filter>TwinCAT\Header Files</Filter></ClInclude><ClInclude Include="StdAfx.h"><Filter>TwinCAT\Header Files</Filter></ClInclude><ClInclude Include="HydroSimulatorVersion.h"><Filter>TwinCAT\Header Files</Filter></ClInclude><ClInclude Include="HydroSimulatorServices.h"><Filter>TwinCAT\Header Files</Filter></ClInclude><ClInclude Include="HydroSimulatorResource.h"><Filter>TwinCAT\Header Files</Filter></ClInclude><ClInclude Include="HydroSimulatorInterfaces.h"><Filter>TwinCAT\Header Files</Filter></ClInclude><ClInclude Include="TwinCAT RT\math.h"><Filter>TwinCAT\Header Files\RT Files</Filter></ClInclude><ClInclude Include="TwinCAT RT\stdio.h"><Filter>TwinCAT\Header Files\RT Files</Filter></ClInclude><ClInclude Include="TwinCAT RT\stdlib.h"><Filter>TwinCAT\Header Files\RT Files</Filter></ClInclude></ItemGroup><ItemGroup><ClCompile Include="CHydroSimulatorClassFactory.cpp"><Filter>TwinCAT\ClassFactory</Filter></ClCompile><ClCompile Include="CHydroSimulator.cpp"><Filter>TwinCAT</Filter></ClCompile><ClCompile Include="HydroSimulator.cpp"><Filter>Simulink Model</Filter></ClCompile><ClCompile Include="HydroSimulator_data.cpp"><Filter>Simulink Model</Filter></ClCompile><ClCompile Include="rtGetInf.cpp"><Filter>Simulink Model</Filter></ClCompile><ClCompile Include="rtGetNaN.cpp"><Filter>Simulink Model</Filter></ClCompile><ClCompile Include="rt_nonfinite.cpp"><Filter>Simulink Model</Filter></ClCompile><ClCompile Include="CHydroSimulatorDrv.cpp"><Filter>TwinCAT\RT Files</Filter></ClCompile><ClCompile Include="HydroSimulatorCtrl.cpp"><Filter>TwinCAT\UM Files</Filter></ClCompile><ClCompile Include="HydroSimulatorW32.cpp"><Filter>TwinCAT\UM Files</Filter></ClCompile><ClCompile Include="TcPch.cpp"><Filter>TwinCAT</Filter></ClCompile></ItemGroup><ItemGroup><ResourceCompile Include="HydroSimulator.rc"><Filter>Resource Files</Filter></ResourceCompile></ItemGroup><ItemGroup><None Include="HydroSimulator_PlcOpenPOUs.xml"><Filter>XML Files</Filter></None><None Include="HydroSimulatorW32.def"><Filter>TwinCAT\UM Files</Filter></None><None Include="TwinCAT RT\cstdio."><Filter>TwinCAT\Header Files\RT Files</Filter></None><None Include="HydroSimulator_ModuleInfo.xml"><Filter>XML Files</Filter></None><None Include="HydroSimulator.tmc"><Filter>XML Files</Filter></None></ItemGroup></Project>
